
Microsoft Visual Studio Solution File, Format Version 12.00
# Visual Studio Version 17
VisualStudioVersion = 17.5.33530.505
MinimumVisualStudioVersion = 10.0.40219.1
Project("{9A19103F-16F7-4668-BE54-9A1E7A4F7556}") = "Cdr.Api", "Cdr.Api\Cdr.Api.csproj", "{7566749B-0BBA-4950-A9EC-B82D2926AFC9}"
EndProject
Project("{FAE04EC0-301F-11D3-BF4B-00C04F79EFBC}") = "Crd.DataAccess.Migrations", "Crd.DataAccess.Migrations\Crd.DataAccess.Migrations.csproj", "{5BFEA76A-3DDC-4AEE-BEDD-87561AA92B4C}"
EndProject
Global
	GlobalSection(SolutionConfigurationPlatforms) = preSolution
		Debug|Any CPU = Debug|Any CPU
		Release|Any CPU = Release|Any CPU
	EndGlobalSection
	GlobalSection(ProjectConfigurationPlatforms) = postSolution
		{7566749B-0BBA-4950-A9EC-B82D2926AFC9}.Debug|Any CPU.ActiveCfg = Debug|Any CPU
		{7566749B-0BBA-4950-A9EC-B82D2926AFC9}.Debug|Any CPU.Build.0 = Debug|Any CPU
		{7566749B-0BBA-4950-A9EC-B82D2926AFC9}.Release|Any CPU.ActiveCfg = Release|Any CPU
		{7566749B-0BBA-4950-A9EC-B82D2926AFC9}.Release|Any CPU.Build.0 = Release|Any CPU
		{5BFEA76A-3DDC-4AEE-BEDD-87561AA92B4C}.Debug|Any CPU.ActiveCfg = Debug|Any CPU
		{5BFEA76A-3DDC-4AEE-BEDD-87561AA92B4C}.Debug|Any CPU.Build.0 = Debug|Any CPU
		{5BFEA76A-3DDC-4AEE-BEDD-87561AA92B4C}.Release|Any CPU.ActiveCfg = Release|Any CPU
		{5BFEA76A-3DDC-4AEE-BEDD-87561AA92B4C}.Release|Any CPU.Build.0 = Release|Any CPU
	EndGlobalSection
	GlobalSection(SolutionProperties) = preSolution
		HideSolutionNode = FALSE
	EndGlobalSection
	GlobalSection(ExtensibilityGlobals) = postSolution
		SolutionGuid = {5A2CFCF3-2498-43E1-9450-07DE0ED3F892}
	EndGlobalSection
EndGlobal
